
Microsoft Visual Studio Solution File, Format Version 12.00
# Visual Studio Version 16
VisualStudioVersion = 16.0.30709.132
MinimumVisualStudioVersion = 10.0.40219.1
Project("{FAE04EC0-301F-11D3-BF4B-00C04F79EFBC}") = "Lab_08_WPF", "Lab_08_WPF\Lab_08_WPF.csproj", "{FFBAE316-38C5-4EC2-9574-84F1C6204230}"
EndProject
Project("{FAE04EC0-301F-11D3-BF4B-00C04F79EFBC}") = "Lab_08_WPF_Grids", "Lab_08_grid\Lab_08_WPF_Grids.csproj", "{193D73B5-3A2A-441E-983A-55FCDFF20998}"
EndProject
Global
	GlobalSection(SolutionConfigurationPlatforms) = preSolution
		Debug|Any CPU = Debug|Any CPU
		Release|Any CPU = Release|Any CPU
	EndGlobalSection
	GlobalSection(ProjectConfigurationPlatforms) = postSolution
		{FFBAE316-38C5-4EC2-9574-84F1C6204230}.Debug|Any CPU.ActiveCfg = Debug|Any CPU
		{FFBAE316-38C5-4EC2-9574-84F1C6204230}.Debug|Any CPU.Build.0 = Debug|Any CPU
		{FFBAE316-38C5-4EC2-9574-84F1C6204230}.Release|Any CPU.ActiveCfg = Release|Any CPU
		{FFBAE316-38C5-4EC2-9574-84F1C6204230}.Release|Any CPU.Build.0 = Release|Any CPU
		{193D73B5-3A2A-441E-983A-55FCDFF20998}.Debug|Any CPU.ActiveCfg = Debug|Any CPU
		{193D73B5-3A2A-441E-983A-55FCDFF20998}.Debug|Any CPU.Build.0 = Debug|Any CPU
		{193D73B5-3A2A-441E-983A-55FCDFF20998}.Release|Any CPU.ActiveCfg = Release|Any CPU
		{193D73B5-3A2A-441E-983A-55FCDFF20998}.Release|Any CPU.Build.0 = Release|Any CPU
	EndGlobalSection
	GlobalSection(SolutionProperties) = preSolution
		HideSolutionNode = FALSE
	EndGlobalSection
	GlobalSection(ExtensibilityGlobals) = postSolution
		SolutionGuid = {B1981C10-33C8-47C3-BD18-A8FC99AF6DD5}
	EndGlobalSection
EndGlobal
